// !$*UTF8*$!
{
	archiveVersion = 1;
	classes = {
	};
	objectVersion = 46;
	objects = {

/* Begin PBXBuildFile section */
		B4ECB8123461CEBB04157608 /* Pods_RssReader.framework in Frameworks */ = {isa = PBXBuildFile; fileRef = BD8E2E98EBBED98438604E1E /* Pods_RssReader.framework */; };
		FA102B741E59BD68007DF7B0 /* FeedsTableViewController.swift in Sources */ = {isa = PBXBuildFile; fileRef = FA102B731E59BD68007DF7B0 /* FeedsTableViewController.swift */; };
		FA161C6D1E58C9A300670DF9 /* RssTableViewController.swift in Sources */ = {isa = PBXBuildFile; fileRef = FA161C6C1E58C9A300670DF9 /* RssTableViewController.swift */; };
		FA161C711E58EE4700670DF9 /* RssFeedManager.swift in Sources */ = {isa = PBXBuildFile; fileRef = FA161C701E58EE4700670DF9 /* RssFeedManager.swift */; };
		FA5EC5051E58C5FF00BD5355 /* AppDelegate.swift in Sources */ = {isa = PBXBuildFile; fileRef = FA5EC5041E58C5FF00BD5355 /* AppDelegate.swift */; };
		FA5EC50A1E58C5FF00BD5355 /* Main.storyboard in Resources */ = {isa = PBXBuildFile; fileRef = FA5EC5081E58C5FF00BD5355 /* Main.storyboard */; };
		FA5EC50C1E58C5FF00BD5355 /* Assets.xcassets in Resources */ = {isa = PBXBuildFile; fileRef = FA5EC50B1E58C5FF00BD5355 /* Assets.xcassets */; };
		FA5EC50F1E58C5FF00BD5355 /* LaunchScreen.storyboard in Resources */ = {isa = PBXBuildFile; fileRef = FA5EC50D1E58C5FF00BD5355 /* LaunchScreen.storyboard */; };
/* End PBXBuildFile section */

/* Begin PBXFileReference section */
		ADD878F52FB45D6FE6C549EA /* Pods-RssReader.release.xcconfig */ = {isa = PBXFileReference; includeInIndex = 1; lastKnownFileType = text.xcconfig; name = "Pods-RssReader.release.xcconfig"; path = "Pods/Target Support Files/Pods-RssReader/Pods-RssReader.release.xcconfig"; sourceTree = "<group>"; };
		BD8E2E98EBBED98438604E1E /* Pods_RssReader.framework */ = {isa = PBXFileReference; explicitFileType = wrapper.framework; includeInIndex = 0; path = Pods_RssReader.framework; sourceTree = BUILT_PRODUCTS_DIR; };
		EAEBFCAEFBD7250A5CBEF935 /* Pods-RssReader.debug.xcconfig */ = {isa = PBXFileReference; includeInIndex = 1; lastKnownFileType = text.xcconfig; name = "Pods-RssReader.debug.xcconfig"; path = "Pods/Target Support Files/Pods-RssReader/Pods-RssReader.debug.xcconfig"; sourceTree = "<group>"; };
		FA102B731E59BD68007DF7B0 /* FeedsTableViewController.swift */ = {isa = PBXFileReference; fileEncoding = 4; lastKnownFileType = sourcecode.swift; path = FeedsTableViewController.swift; sourceTree = "<group>"; };
		FA161C6C1E58C9A300670DF9 /* RssTableViewController.swift */ = {isa = PBXFileReference; fileEncoding = 4; lastKnownFileType = sourcecode.swift; path = RssTableViewController.swift; sourceTree = "<group>"; };
		FA161C701E58EE4700670DF9 /* RssFeedManager.swift */ = {isa = PBXFileReference; fileEncoding = 4; lastKnownFileType = sourcecode.swift; path = RssFeedManager.swift; sourceTree = "<group>"; };
		FA5EC5011E58C5FF00BD5355 /* RssReader.app */ = {isa = PBXFileReference; explicitFileType = wrapper.application; includeInIndex = 0; path = RssReader.app; sourceTree = BUILT_PRODUCTS_DIR; };
		FA5EC5041E58C5FF00BD5355 /* AppDelegate.swift */ = {isa = PBXFileReference; lastKnownFileType = sourcecode.swift; path = AppDelegate.swift; sourceTree = "<group>"; };
		FA5EC5091E58C5FF00BD5355 /* Base */ = {isa = PBXFileReference; lastKnownFileType = file.storyboard; name = Base; path = Base.lproj/Main.storyboard; sourceTree = "<group>"; };
		FA5EC50B1E58C5FF00BD5355 /* Assets.xcassets */ = {isa = PBXFileReference; lastKnownFileType = folder.assetcatalog; path = Assets.xcassets; sourceTree = "<group>"; };
		FA5EC50E1E58C5FF00BD5355 /* Base */ = {isa = PBXFileReference; lastKnownFileType = file.storyboard; name = Base; path = Base.lproj/LaunchScreen.storyboard; sourceTree = "<group>"; };
		FA5EC5101E58C5FF00BD5355 /* Info.plist */ = {isa = PBXFileReference; lastKnownFileType = text.plist.xml; path = Info.plist; sourceTree = "<group>"; };
/* End PBXFileReference section */

/* Begin PBXFrameworksBuildPhase section */
		FA5EC4FE1E58C5FF00BD5355 /* Frameworks */ = {
			isa = PBXFrameworksBuildPhase;
			buildActionMask = 2147483647;
			files = (
				B4ECB8123461CEBB04157608 /* Pods_RssReader.framework in Frameworks */,
			);
			runOnlyForDeploymentPostprocessing = 0;
		};
/* End PBXFrameworksBuildPhase section */

/* Begin PBXGroup section */
		7F0859CBDFCFCDAB81F56517 /* Pods */ = {
			isa = PBXGroup;
			children = (
				EAEBFCAEFBD7250A5CBEF935 /* Pods-RssReader.debug.xcconfig */,
				ADD878F52FB45D6FE6C549EA /* Pods-RssReader.release.xcconfig */,
			);
			name = Pods;
			sourceTree = "<group>";
		};
		838CD98C504213487B88A0CF /* Frameworks */ = {
			isa = PBXGroup;
			children = (
				BD8E2E98EBBED98438604E1E /* Pods_RssReader.framework */,
			);
			name = Frameworks;
			sourceTree = "<group>";
		};
		FA5EC4F81E58C5FF00BD5355 = {
			isa = PBXGroup;
			children = (
				FA5EC5031E58C5FF00BD5355 /* RssReader */,
				FA5EC5021E58C5FF00BD5355 /* Products */,
				7F0859CBDFCFCDAB81F56517 /* Pods */,
				838CD98C504213487B88A0CF /* Frameworks */,
			);
			sourceTree = "<group>";
		};
		FA5EC5021E58C5FF00BD5355 /* Products */ = {
			isa = PBXGroup;
			children = (
				FA5EC5011E58C5FF00BD5355 /* RssReader.app */,
			);
			name = Products;
			sourceTree = "<group>";
		};
		FA5EC5031E58C5FF00BD5355 /* RssReader */ = {
			isa = PBXGroup;
			children = (
				FA161C701E58EE4700670DF9 /* RssFeedManager.swift */,
				FA161C6C1E58C9A300670DF9 /* RssTableViewController.swift */,
				FA102B731E59BD68007DF7B0 /* FeedsTableViewController.swift */,
				FA5EC5081E58C5FF00BD5355 /* Main.storyboard */,
				FA5EC5161E58C61400BD5355 /* Supporting files */,
			);
			path = RssReader;
			sourceTree = "<group>";
		};
		FA5EC5161E58C61400BD5355 /* Supporting files */ = {
			isa = PBXGroup;
			children = (
				FA5EC5041E58C5FF00BD5355 /* AppDelegate.swift */,
				FA5EC50B1E58C5FF00BD5355 /* Assets.xcassets */,
				FA5EC50D1E58C5FF00BD5355 /* LaunchScreen.storyboard */,
				FA5EC5101E58C5FF00BD5355 /* Info.plist */,
			);
			name = "Supporting files";
			sourceTree = "<group>";
		};
/* End PBXGroup section */

/* Begin PBXNativeTarget section */
		FA5EC5001E58C5FF00BD5355 /* RssReader */ = {
			isa = PBXNativeTarget;
			buildConfigurationList = FA5EC5131E58C5FF00BD5355 /* Build configuration list for PBXNativeTarget "RssReader" */;
			buildPhases = (
				7F7535BA8F5F6ED3317C8B86 /* [CP] Check Pods Manifest.lock */,
				FA5EC4FD1E58C5FF00BD5355 /* Sources */,
				FA5EC4FE1E58C5FF00BD5355 /* Frameworks */,
				FA5EC4FF1E58C5FF00BD5355 /* Resources */,
				CC2A9F2E369BDE3DD707FD09 /* [CP] Embed Pods Frameworks */,
				497583C7EB07A5462BEC3623 /* [CP] Copy Pods Resources */,
			);
			buildRules = (
			);
			dependencies = (
			);
			name = RssReader;
			productName = RssReader;
			productReference = FA5EC5011E58C5FF00BD5355 /* RssReader.app */;
			productType = "com.apple.product-type.application";
		};
/* End PBXNativeTarget section */

/* Begin PBXProject section */
		FA5EC4F91E58C5FF00BD5355 /* Project object */ = {
			isa = PBXProject;
			attributes = {
				LastSwiftUpdateCheck = 0820;
				LastUpgradeCheck = 0820;
				ORGANIZATIONNAME = "Кирилл Делимбетов";
				TargetAttributes = {
					FA5EC5001E58C5FF00BD5355 = {
						CreatedOnToolsVersion = 8.2.1;
						DevelopmentTeam = 48L483TLQC;
						ProvisioningStyle = Automatic;
					};
				};
			};
			buildConfigurationList = FA5EC4FC1E58C5FF00BD5355 /* Build configuration list for PBXProject "RssReader" */;
			compatibilityVersion = "Xcode 3.2";
			developmentRegion = English;
			hasScannedForEncodings = 0;
			knownRegions = (
				en,
				Base,
			);
			mainGroup = FA5EC4F81E58C5FF00BD5355;
			productRefGroup = FA5EC5021E58C5FF00BD5355 /* Products */;
			projectDirPath = "";
			projectRoot = "";
			targets = (
				FA5EC5001E58C5FF00BD5355 /* RssReader */,
			);
		};
/* End PBXProject section */

/* Begin PBXResourcesBuildPhase section */
		FA5EC4FF1E58C5FF00BD5355 /* Resources */ = {
			isa = PBXResourcesBuildPhase;
			buildActionMask = 2147483647;
			files = (
				FA5EC50F1E58C5FF00BD5355 /* LaunchScreen.storyboard in Resources */,
				FA5EC50C1E58C5FF00BD5355 /* Assets.xcassets in Resources */,
				FA5EC50A1E58C5FF00BD5355 /* Main.storyboard in Resources */,
			);
			runOnlyForDeploymentPostprocessing = 0;
		};
/* End PBXResourcesBuildPhase section */

/* Begin PBXShellScriptBuildPhase section */
		497583C7EB07A5462BEC3623 /* [CP] Copy Pods Resources */ = {
			isa = PBXShellScriptBuildPhase;
			buildActionMask = 2147483647;
			files = (
			);
			inputPaths = (
			);
			name = "[CP] Copy Pods Resources";
			outputPaths = (
			);
			runOnlyForDeploymentPostprocessing = 0;
			shellPath = /bin/sh;
			shellScript = "\"${SRCROOT}/Pods/Target Support Files/Pods-RssReader/Pods-RssReader-resources.sh\"\n";
			showEnvVarsInLog = 0;
		};
		7F7535BA8F5F6ED3317C8B86 /* [CP] Check Pods Manifest.lock */ = {
			isa = PBXShellScriptBuildPhase;
			buildActionMask = 2147483647;
			files = (
			);
			inputPaths = (
			);
			name = "[CP] Check Pods Manifest.lock";
			outputPaths = (
			);
			runOnlyForDeploymentPostprocessing = 0;
			shellPath = /bin/sh;
			shellScript = "diff \"${PODS_ROOT}/../Podfile.lock\" \"${PODS_ROOT}/Manifest.lock\" > /dev/null\nif [ $? != 0 ] ; then\n    # print error to STDERR\n    echo \"error: The sandbox is not in sync with the Podfile.lock. Run 'pod install' or update your CocoaPods installation.\" >&2\n    exit 1\nfi\n";
			showEnvVarsInLog = 0;
		};
		CC2A9F2E369BDE3DD707FD09 /* [CP] Embed Pods Frameworks */ = {
			isa = PBXShellScriptBuildPhase;
			buildActionMask = 2147483647;
			files = (
			);
			inputPaths = (
			);
			name = "[CP] Embed Pods Frameworks";
			outputPaths = (
			);
			runOnlyForDeploymentPostprocessing = 0;
			shellPath = /bin/sh;
			shellScript = "\"${SRCROOT}/Pods/Target Support Files/Pods-RssReader/Pods-RssReader-frameworks.sh\"\n";
			showEnvVarsInLog = 0;
		};
/* End PBXShellScriptBuildPhase section */

/* Begin PBXSourcesBuildPhase section */
		FA5EC4FD1E58C5FF00BD5355 /* Sources */ = {
			isa = PBXSourcesBuildPhase;
			buildActionMask = 2147483647;
			files = (
				FA161C6D1E58C9A300670DF9 /* RssTableViewController.swift in Sources */,
				FA161C711E58EE4700670DF9 /* RssFeedManager.swift in Sources */,
				FA5EC5051E58C5FF00BD5355 /* AppDelegate.swift in Sources */,
				FA102B741E59BD68007DF7B0 /* FeedsTableViewController.swift in Sources */,
			);
			runOnlyForDeploymentPostprocessing = 0;
		};
/* End PBXSourcesBuildPhase section */

/* Begin PBXVariantGroup section */
		FA5EC5081E58C5FF00BD5355 /* Main.storyboard */ = {
			isa = PBXVariantGroup;
			children = (
				FA5EC5091E58C5FF00BD5355 /* Base */,
			);
			name = Main.storyboard;
			sourceTree = "<group>";
		};
		FA5EC50D1E58C5FF00BD5355 /* LaunchScreen.storyboard */ = {
			isa = PBXVariantGroup;
			children = (
				FA5EC50E1E58C5FF00BD5355 /* Base */,
			);
			name = LaunchScreen.storyboard;
			sourceTree = "<group>";
		};
/* End PBXVariantGroup section */

/* Begin XCBuildConfiguration section */
		FA5EC5111E58C5FF00BD5355 /* Debug */ = {
			isa = XCBuildConfiguration;
			buildSettings = {
				ALWAYS_SEARCH_USER_PATHS = NO;
				CLANG_ANALYZER_NONNULL = YES;
				CLANG_CXX_LANGUAGE_STANDARD = "gnu++0x";
				CLANG_CXX_LIBRARY = "libc++";
				CLANG_ENABLE_MODULES = YES;
				CLANG_ENABLE_OBJC_ARC = YES;
				CLANG_WARN_BOOL_CONVERSION = YES;
				CLANG_WARN_CONSTANT_CONVERSION = YES;
				CLANG_WARN_DIRECT_OBJC_ISA_USAGE = YES_ERROR;
				CLANG_WARN_DOCUMENTATION_COMMENTS = YES;
				CLANG_WARN_EMPTY_BODY = YES;
				CLANG_WARN_ENUM_CONVERSION = YES;
				CLANG_WARN_INFINITE_RECURSION = YES;
				CLANG_WARN_INT_CONVERSION = YES;
				CLANG_WARN_OBJC_ROOT_CLASS = YES_ERROR;
				CLANG_WARN_SUSPICIOUS_MOVE = YES;
				CLANG_WARN_UNREACHABLE_CODE = YES;
				CLANG_WARN__DUPLICATE_METHOD_MATCH = YES;
				"CODE_SIGN_IDENTITY[sdk=iphoneos*]" = "iPhone Developer";
				COPY_PHASE_STRIP = NO;
				DEBUG_INFORMATION_FORMAT = dwarf;
				ENABLE_STRICT_OBJC_MSGSEND = YES;
				ENABLE_TESTABILITY = YES;
				GCC_C_LANGUAGE_STANDARD = gnu99;
				GCC_DYNAMIC_NO_PIC = NO;
				GCC_NO_COMMON_BLOCKS = YES;
				GCC_OPTIMIZATION_LEVEL = 0;
				GCC_PREPROCESSOR_DEFINITIONS = (
					"DEBUG=1",
					"$(inherited)",
				);
				GCC_WARN_64_TO_32_BIT_CONVERSION = YES;
				GCC_WARN_ABOUT_RETURN_TYPE = YES_ERROR;
				GCC_WARN_UNDECLARED_SELECTOR = YES;
				GCC_WARN_UNINITIALIZED_AUTOS = YES_AGGRESSIVE;
				GCC_WARN_UNUSED_FUNCTION = YES;
				GCC_WARN_UNUSED_VARIABLE = YES;
				IPHONEOS_DEPLOYMENT_TARGET = 10.2;
				MTL_ENABLE_DEBUG_INFO = YES;
				ONLY_ACTIVE_ARCH = YES;
				SDKROOT = iphoneos;
				SWIFT_ACTIVE_COMPILATION_CONDITIONS = DEBUG;
				SWIFT_OPTIMIZATION_LEVEL = "-Onone";
				TARGETED_DEVICE_FAMILY = "1,2";
			};
			name = Debug;
		};
		FA5EC5121E58C5FF00BD5355 /* Release */ = {
			isa = XCBuildConfiguration;
			buildSettings = {
				ALWAYS_SEARCH_USER_PATHS = NO;
				CLANG_ANALYZER_NONNULL = YES;
				CLANG_CXX_LANGUAGE_STANDARD = "gnu++0x";
				CLANG_CXX_LIBRARY = "libc++";
				CLANG_ENABLE_MODULES = YES;
				CLANG_ENABLE_OBJC_ARC = YES;
				CLANG_WARN_BOOL_CONVERSION = YES;
				CLANG_WARN_CONSTANT_CONVERSION = YES;
				CLANG_WARN_DIRECT_OBJC_ISA_USAGE = YES_ERROR;
				CLANG_WARN_DOCUMENTATION_COMMENTS = YES;
				CLANG_WARN_EMPTY_BODY = YES;
				CLANG_WARN_ENUM_CONVERSION = YES;
				CLANG_WARN_INFINITE_RECURSION = YES;
				CLANG_WARN_INT_CONVERSION = YES;
				CLANG_WARN_OBJC_ROOT_CLASS = YES_ERROR;
				CLANG_WARN_SUSPICIOUS_MOVE = YES;
				CLANG_WARN_UNREACHABLE_CODE = YES;
				CLANG_WARN__DUPLICATE_METHOD_MATCH = YES;
				"CODE_SIGN_IDENTITY[sdk=iphoneos*]" = "iPhone Developer";
				COPY_PHASE_STRIP = NO;
				DEBUG_INFORMATION_FORMAT = "dwarf-with-dsym";
				ENABLE_NS_ASSERTIONS = NO;
				ENABLE_STRICT_OBJC_MSGSEND = YES;
				GCC_C_LANGUAGE_STANDARD = gnu99;
				GCC_NO_COMMON_BLOCKS = YES;
				GCC_WARN_64_TO_32_BIT_CONVERSION = YES;
				GCC_WARN_ABOUT_RETURN_TYPE = YES_ERROR;
				GCC_WARN_UNDECLARED_SELECTOR = YES;
				GCC_WARN_UNINITIALIZED_AUTOS = YES_AGGRESSIVE;
				GCC_WARN_UNUSED_FUNCTION = YES;
				GCC_WARN_UNUSED_VARIABLE = YES;
				IPHONEOS_DEPLOYMENT_TARGET = 10.2;
				MTL_ENABLE_DEBUG_INFO = NO;
				SDKROOT = iphoneos;
				SWIFT_OPTIMIZATION_LEVEL = "-Owholemodule";
				TARGETED_DEVICE_FAMILY = "1,2";
				VALIDATE_PRODUCT = YES;
			};
			name = Release;
		};
		FA5EC5141E58C5FF00BD5355 /* Debug */ = {
			isa = XCBuildConfiguration;
			baseConfigurationReference = EAEBFCAEFBD7250A5CBEF935 /* Pods-RssReader.debug.xcconfig */;
			buildSettings = {
				ASSETCATALOG_COMPILER_APPICON_NAME = AppIcon;
				DEVELOPMENT_TEAM = 48L483TLQC;
				INFOPLIST_FILE = RssReader/Info.plist;
				LD_RUNPATH_SEARCH_PATHS = "$(inherited) @executable_path/Frameworks";
				PRODUCT_BUNDLE_IDENTIFIER = com.delimbetov.RssReader;
				PRODUCT_NAME = "$(TARGET_NAME)";
				SWIFT_VERSION = 3.0;
			};
			name = Debug;
		};
		FA5EC5151E58C5FF00BD5355 /* Release */ = {
			isa = XCBuildConfiguration;
			baseConfigurationReference = ADD878F52FB45D6FE6C549EA /* Pods-RssReader.release.xcconfig */;
			buildSettings = {
				ASSETCATALOG_COMPILER_APPICON_NAME = AppIcon;
				DEVELOPMENT_TEAM = 48L483TLQC;
				INFOPLIST_FILE = RssReader/Info.plist;
				LD_RUNPATH_SEARCH_PATHS = "$(inherited) @executable_path/Frameworks";
				PRODUCT_BUNDLE_IDENTIFIER = com.delimbetov.RssReader;
				PRODUCT_NAME = "$(TARGET_NAME)";
				SWIFT_VERSION = 3.0;
			};
			name = Release;
		};
/* End XCBuildConfiguration section */

/* Begin XCConfigurationList section */
		FA5EC4FC1E58C5FF00BD5355 /* Build configuration list for PBXProject "RssReader" */ = {
			isa = XCConfigurationList;
			buildConfigurations = (
				FA5EC5111E58C5FF00BD5355 /* Debug */,
				FA5EC5121E58C5FF00BD5355 /* Release */,
			);
			defaultConfigurationIsVisible = 0;
			defaultConfigurationName = Release;
		};
		FA5EC5131E58C5FF00BD5355 /* Build configuration list for PBXNativeTarget "RssReader" */ = {
			isa = XCConfigurationList;
			buildConfigurations = (
				FA5EC5141E58C5FF00BD5355 /* Debug */,
				FA5EC5151E58C5FF00BD5355 /* Release */,
			);
			defaultConfigurationIsVisible = 0;
			defaultConfigurationName = Release;
		};
/* End XCConfigurationList section */
	};
	rootObject = FA5EC4F91E58C5FF00BD5355 /* Project object */;
}
